<?xml version="1.0" encoding="utf-8"?>
<Project ToolsVersion="4.0" xmlns="http://schemas.microsoft.com/developer/msbuild/2003">
  <ItemGroup>
    <ClCompile Include="lib\imgui-1.68\imgui.cpp">
      <Filter>Source\Display\ImGUI</Filter>
    </ClCompile>
    <ClCompile Include="lib\imgui-1.68\imgui_demo.cpp">
      <Filter>Source\Display\ImGUI</Filter>
    </ClCompile>
    <ClCompile Include="lib\imgui-1.68\imgui_draw.cpp">
      <Filter>Source\Display\ImGUI</Filter>
    </ClCompile>
    <ClCompile Include="lib\imgui-1.68\imgui_widgets.cpp">
      <Filter>Source\Display\ImGUI</Filter>
    </ClCompile>
    <ClCompile Include="lib\imgui-1.68\imgui_impl_opengl3.cpp">
      <Filter>Source\Display\ImGUI</Filter>
    </ClCompile>
    <ClCompile Include="lib\imgui-1.68\imgui_impl_sdl.cpp">
      <Filter>Source\Display\ImGUI</Filter>
    </ClCompile>
    <ClCompile Include="src\common\buffers\Buffer.cpp">
      <Filter>Source\Buffers</Filter>
    </ClCompile>
    <ClCompile Include="src\common\buffers\HemicubeBuffer.cpp">
      <Filter>Source\Buffers</Filter>
    </ClCompile>
    <ClCompile Include="src\common\buffers\PickingBuffer.cpp" />
    <ClCompile Include="src\common\buffers\RowBuffer.cpp">
      <Filter>Source\Buffers</Filter>
    </ClCompile>
    <ClCompile Include="src\common\buffers\UIntBuffer.cpp">
      <Filter>Source\Buffers</Filter>
    </ClCompile>
    <ClCompile Include="src\common\geometry\Face.cpp">
      <Filter>Source\Geometry</Filter>
    </ClCompile>
    <ClCompile Include="src\common\geometry\Mesh.cpp">
      <Filter>Source\Geometry</Filter>
    </ClCompile>
    <ClCompile Include="src\common\geometry\Scene.cpp">
      <Filter>Source\Geometry</Filter>
    </ClCompile>
    <ClCompile Include="src\common\geometry\VAO.cpp">
      <Filter>Source\Geometry</Filter>
    </ClCompile>
    <ClCompile Include="src\common\Application.cpp" />
    <ClCompile Include="src\common\Camera.cpp">
      <Filter>Source\Common</Filter>
    </ClCompile>
    <ClCompile Include="src\common\ConfigurationManager.cpp">
      <Filter>Source\Common</Filter>
    </ClCompile>
    <ClCompile Include="src\common\Logger.cpp" />
    <ClCompile Include="src\common\Renderer.cpp">
      <Filter>Source\Common</Filter>
    </ClCompile>
    <ClCompile Include="src\common\Timer.cpp" />
    <ClCompile Include="src\display\ui\UI.cpp" />
    <ClCompile Include="src\display\CameraController.cpp">
      <Filter>Source\Display</Filter>
    </ClCompile>
    <ClCompile Include="src\display\DisplayController.cpp">
      <Filter>Source\Display</Filter>
    </ClCompile>
    <ClCompile Include="src\display\SceneRenderer.cpp">
      <Filter>Source\Display</Filter>
    </ClCompile>
    <ClCompile Include="src\display\TextureRenderer.cpp" />
    <ClCompile Include="src\display\Window.cpp">
      <Filter>Source\Display</Filter>
    </ClCompile>
    <ClCompile Include="src\preprocessing\IDRenderer.cpp">
      <Filter>Source\Preprocessing</Filter>
    </ClCompile>
    <ClCompile Include="src\preprocessing\PreprocessingController.cpp">
      <Filter>Source\Preprocessing</Filter>
    </ClCompile>
    <ClCompile Include="src\shaders\ComputeShader.cpp">
      <Filter>Source\Shaders</Filter>
    </ClCompile>
    <ClCompile Include="src\shaders\Shader.cpp">
      <Filter>Source\Shaders</Filter>
    </ClCompile>
    <ClCompile Include="src\main.cpp">
      <Filter>Source</Filter>
    </ClCompile>
    <ClCompile Include="src\display\ui\Component.cpp" />
    <ClCompile Include="src\display\ui\components\DebugInfo.cpp" />
    <ClCompile Include="src\display\ui\components\MainMenu.cpp" />
    <ClCompile Include="src\display\ui\components\Preprocess.cpp" />
  </ItemGroup>
  <ItemGroup>
    <Filter Include="Source">
      <UniqueIdentifier>{ee940d1f-1232-4c7a-88f4-3c3c6b38d919}</UniqueIdentifier>
    </Filter>
    <Filter Include="Source\Display">
      <UniqueIdentifier>{c3bcba49-2e67-4001-98da-0dd1821e8ce7}</UniqueIdentifier>
    </Filter>
    <Filter Include="Source\Buffers">
      <UniqueIdentifier>{75b6374a-8bc3-4469-b60c-615df8f4869f}</UniqueIdentifier>
    </Filter>
    <Filter Include="Source\Geometry">
      <UniqueIdentifier>{8a21db75-e3d9-4037-a011-49496d44ad43}</UniqueIdentifier>
    </Filter>
    <Filter Include="Source\Preprocessing">
      <UniqueIdentifier>{61d7531a-8b3f-4947-953a-b3d8a0533a3e}</UniqueIdentifier>
    </Filter>
    <Filter Include="Source\Shaders">
      <UniqueIdentifier>{238d59c9-c536-4fce-9970-1525ff3eae69}</UniqueIdentifier>
    </Filter>
    <Filter Include="Source\Shaders\Preprocessing">
      <UniqueIdentifier>{eb898d23-1a49-43cf-b698-a93f42279e13}</UniqueIdentifier>
    </Filter>
    <Filter Include="Source\Shaders\Debugging">
      <UniqueIdentifier>{c341cacf-9a75-47f8-a9b3-d2841e96d28a}</UniqueIdentifier>
    </Filter>
    <Filter Include="Source\Shaders\Final">
      <UniqueIdentifier>{6900cfbc-8b8f-4ff4-a5e9-03c3b2d671b1}</UniqueIdentifier>
    </Filter>
    <Filter Include="Source\Common">
      <UniqueIdentifier>{1c43f981-e357-4850-a4e6-8a8d79d4bf53}</UniqueIdentifier>
    </Filter>
    <Filter Include="Source\Display\ImGUI">
      <UniqueIdentifier>{8dab3941-56fd-48b3-b49c-35c8f39b2782}</UniqueIdentifier>
    </Filter>
  </ItemGroup>
  <ItemGroup>
    <ClInclude Include="src\common\buffers\Buffer.h">
      <Filter>Source\Buffers</Filter>
    </ClInclude>
    <ClInclude Include="src\common\buffers\HemicubeBuffer.h">
      <Filter>Source\Buffers</Filter>
    </ClInclude>
    <ClInclude Include="src\common\buffers\PickingBuffer.h" />
    <ClInclude Include="src\common\buffers\RowBuffer.h">
      <Filter>Source\Buffers</Filter>
    </ClInclude>
    <ClInclude Include="src\common\buffers\UIntBuffer.h">
      <Filter>Source\Buffers</Filter>
    </ClInclude>
    <ClInclude Include="src\common\geometry\Face.h">
      <Filter>Source\Geometry</Filter>
    </ClInclude>
    <ClInclude Include="src\common\geometry\GeometryContainer.h" />
    <ClInclude Include="src\common\geometry\Mesh.h">
      <Filter>Source\Geometry</Filter>
    </ClInclude>
    <ClInclude Include="src\common\geometry\ObjLoader.h">
      <Filter>Source\Geometry</Filter>
    </ClInclude>
    <ClInclude Include="src\common\geometry\Scene.h">
      <Filter>Source\Geometry</Filter>
    </ClInclude>
    <ClInclude Include="src\common\geometry\VAO.h">
      <Filter>Source\Geometry</Filter>
    </ClInclude>
    <ClInclude Include="src\common\Application.h" />
    <ClInclude Include="src\common\AppTypes.h" />
    <ClInclude Include="src\common\Camera.h">
      <Filter>Source\Common</Filter>
    </ClInclude>
    <ClInclude Include="src\common\ConfigurationManager.h">
      <Filter>Source\Common</Filter>
    </ClInclude>
    <ClInclude Include="src\common\Logger.h" />
    <ClInclude Include="src\common\Renderer.h">
      <Filter>Source\Common</Filter>
    </ClInclude>
    <ClInclude Include="src\common\Timer.h" />
    <ClInclude Include="src\display\ui\UI.h" />
    <ClInclude Include="src\display\CameraController.h">
      <Filter>Source\Display</Filter>
    </ClInclude>
    <ClInclude Include="src\display\DisplayController.h">
      <Filter>Source\Display</Filter>
    </ClInclude>
    <ClInclude Include="src\display\EventListener.h">
      <Filter>Source\Display</Filter>
    </ClInclude>
    <ClInclude Include="src\display\SceneRenderer.h">
      <Filter>Source\Display</Filter>
    </ClInclude>
    <ClInclude Include="src\display\TextureRenderer.h" />
    <ClInclude Include="src\display\Window.h">
      <Filter>Source\Display</Filter>
    </ClInclude>
    <ClInclude Include="src\preprocessing\IDRenderer.h">
      <Filter>Source\Preprocessing</Filter>
    </ClInclude>
    <ClInclude Include="src\preprocessing\PreprocessingController.h">
      <Filter>Source\Preprocessing</Filter>
    </ClInclude>
    <ClInclude Include="src\shaders\ComputeShader.h">
      <Filter>Source\Shaders</Filter>
    </ClInclude>
    <ClInclude Include="src\shaders\Shader.h">
      <Filter>Source\Shaders</Filter>
    </ClInclude>
    <ClInclude Include="src\display\ui\Component.h" />
    <ClInclude Include="src\display\ui\components\DebugInfo.h" />
    <ClInclude Include="src\display\ui\components\DebugInfo.h" />
    <ClInclude Include="src\display\ui\components\MainMenu.h" />
    <ClInclude Include="src\display\ui\components\Preprocess.h" />
    <ClInclude Include="res\shaders\hemicube.geom" />
  </ItemGroup>
  <ItemGroup>
    <None Include="config.ini">
      <Filter>Source</Filter>
    </None>
    <None Include="res\shaders\renderFromText.vert">
      <Filter>Source\Shaders\Debugging</Filter>
    </None>
    <None Include="res\shaders\final.frag">
      <Filter>Source\Shaders\Final</Filter>
    </None>
    <None Include="res\shaders\final.vert">
      <Filter>Source\Shaders\Final</Filter>
    </None>
    <None Include="res\shaders\id.vert">
      <Filter>Source\Shaders\Preprocessing</Filter>
    </None>
    <None Include="res\shaders\id.frag">
      <Filter>Source\Shaders\Preprocessing</Filter>
    </None>
    <None Include="res\shaders\hemicube.vert">
      <Filter>Source\Shaders\Preprocessing</Filter>
    </None>
    <None Include="res\shaders\hemicube.frag">
      <Filter>Source\Shaders\Preprocessing</Filter>
    </None>
    <None Include="res\shaders\computeRow.comp">
      <Filter>Source\Shaders\Preprocessing</Filter>
    </None>
    <None Include="res\shaders\renderHemicube.frag" />
    <None Include="res\shaders\renderScene.frag" />
  </ItemGroup>
  <ItemGroup>
    <ResourceCompile Include="resrource.rc" />
  </ItemGroup>
</Project>