<?xml version="1.0" encoding="utf-8"?>
<Project ToolsVersion="4.0" xmlns="http://schemas.microsoft.com/developer/msbuild/2003">
  <ItemGroup>
    <ClCompile Include="lib\imgui-1.68\imgui.cpp">
      <Filter>Source\Display\ImGUI</Filter>
    </ClCompile>
    <ClCompile Include="lib\imgui-1.68\imgui_demo.cpp">
      <Filter>Source\Display\ImGUI</Filter>
    </ClCompile>
    <ClCompile Include="lib\imgui-1.68\imgui_draw.cpp">
      <Filter>Source\Display\ImGUI</Filter>
    </ClCompile>
    <ClCompile Include="lib\imgui-1.68\imgui_widgets.cpp">
      <Filter>Source\Display\ImGUI</Filter>
    </ClCompile>
    <ClCompile Include="lib\imgui-1.68\imgui_impl_opengl3.cpp">
      <Filter>Source\Display\ImGUI</Filter>
    </ClCompile>
    <ClCompile Include="lib\imgui-1.68\imgui_impl_sdl.cpp">
      <Filter>Source\Display\ImGUI</Filter>
    </ClCompile>
    <ClCompile Include="src\common\Timer.cpp" />
    <ClCompile Include="src\main.cpp" />
    <ClCompile Include="src\ui\Application.cpp" />
    <ClCompile Include="src\ui\Component.cpp" />
    <ClCompile Include="src\ui\UI.cpp" />
    <ClCompile Include="src\common\ConfigurationManager.cpp" />
    <ClCompile Include="src\common\Logger.cpp" />
    <ClCompile Include="src\engine\Camera.cpp" />
    <ClCompile Include="src\engine\Renderer.cpp" />
    <ClCompile Include="src\engine\Texture.cpp" />
    <ClCompile Include="src\engine\shaders\ComputeShader.cpp" />
    <ClCompile Include="src\engine\shaders\Shader.cpp" />
    <ClCompile Include="src\engine\preprocessing\HemicubeCorrector.cpp" />
    <ClCompile Include="src\engine\preprocessing\IDRenderer.cpp" />
    <ClCompile Include="src\engine\preprocessing\PreprocessingController.cpp" />
    <ClCompile Include="src\engine\geometry\Face.cpp" />
    <ClCompile Include="src\engine\geometry\Mesh.cpp" />
    <ClCompile Include="src\engine\geometry\Scene.cpp" />
    <ClCompile Include="src\engine\geometry\VAO.cpp" />
    <ClCompile Include="src\ui\CameraController.cpp" />
    <ClCompile Include="src\engine\display\DisplayController.cpp" />
    <ClCompile Include="src\engine\display\Picker.cpp" />
    <ClCompile Include="src\engine\display\SceneRenderer.cpp" />
    <ClCompile Include="src\engine\display\TextureRenderer.cpp" />
    <ClCompile Include="src\engine\buffers\Buffer.cpp" />
    <ClCompile Include="src\engine\buffers\ColorBuffer.cpp" />
    <ClCompile Include="src\engine\buffers\HemicubeBuffer.cpp" />
    <ClCompile Include="src\engine\buffers\PickingBuffer.cpp" />
    <ClCompile Include="src\engine\buffers\RowBuffer.cpp" />
    <ClCompile Include="src\engine\buffers\UIntBuffer.cpp" />
    <ClCompile Include="src\engine\Engine.cpp" />
    <ClCompile Include="src\ui\Window.cpp" />
    <ClCompile Include="src\ui\components\BottomPanel.cpp" />
    <ClCompile Include="src\ui\components\LeftPanel.cpp" />
    <ClCompile Include="src\ui\components\MainMenu.cpp" />
    <ClCompile Include="src\ui\components\RenderWindow.cpp" />
    <ClCompile Include="src\ui\components\RightPanel.cpp" />
    <ClCompile Include="src\ui\components\bottom\DebugInfo.cpp" />
    <ClCompile Include="src\ui\components\right\Preprocess.cpp" />
    <ClCompile Include="src\ui\UIStore.cpp" />
    <ClCompile Include="src\engine\EngineStore.cpp" />
    <ClCompile Include="src\ui\components\right\LightingEditor.cpp" />
    <ClCompile Include="src\ui\components\left\SceneEditor.cpp" />
    <ClCompile Include="src\engine\preprocessing\EigenSolver.cpp" />
    <ClCompile Include="src\engine\preprocessing\RTReflections.cpp" />
    <ClCompile Include="src\engine\preprocessing\DiffusePipeline.cpp" />
    <ClCompile Include="src\engine\geometry\VBO.cpp" />
    <ClCompile Include="src\engine\geometry\Material.cpp" />
  </ItemGroup>
  <ItemGroup>
    <Filter Include="Source">
      <UniqueIdentifier>{ee940d1f-1232-4c7a-88f4-3c3c6b38d919}</UniqueIdentifier>
    </Filter>
    <Filter Include="Source\Display">
      <UniqueIdentifier>{c3bcba49-2e67-4001-98da-0dd1821e8ce7}</UniqueIdentifier>
    </Filter>
    <Filter Include="Source\Buffers">
      <UniqueIdentifier>{75b6374a-8bc3-4469-b60c-615df8f4869f}</UniqueIdentifier>
    </Filter>
    <Filter Include="Source\Geometry">
      <UniqueIdentifier>{8a21db75-e3d9-4037-a011-49496d44ad43}</UniqueIdentifier>
    </Filter>
    <Filter Include="Source\Preprocessing">
      <UniqueIdentifier>{61d7531a-8b3f-4947-953a-b3d8a0533a3e}</UniqueIdentifier>
    </Filter>
    <Filter Include="Source\Shaders">
      <UniqueIdentifier>{238d59c9-c536-4fce-9970-1525ff3eae69}</UniqueIdentifier>
    </Filter>
    <Filter Include="Source\Shaders\Preprocessing">
      <UniqueIdentifier>{eb898d23-1a49-43cf-b698-a93f42279e13}</UniqueIdentifier>
    </Filter>
    <Filter Include="Source\Shaders\Debugging">
      <UniqueIdentifier>{c341cacf-9a75-47f8-a9b3-d2841e96d28a}</UniqueIdentifier>
    </Filter>
    <Filter Include="Source\Shaders\Final">
      <UniqueIdentifier>{6900cfbc-8b8f-4ff4-a5e9-03c3b2d671b1}</UniqueIdentifier>
    </Filter>
    <Filter Include="Source\Common">
      <UniqueIdentifier>{1c43f981-e357-4850-a4e6-8a8d79d4bf53}</UniqueIdentifier>
    </Filter>
    <Filter Include="Source\Display\ImGUI">
      <UniqueIdentifier>{8dab3941-56fd-48b3-b49c-35c8f39b2782}</UniqueIdentifier>
    </Filter>
  </ItemGroup>
  <ItemGroup>
    <ClInclude Include="src\common\Timer.h" />
    <ClInclude Include="res\shaders\hemicube.geom" />
    <ClInclude Include="src\common\Utils.h" />
    <ClInclude Include="src\ui\Application.h" />
    <ClInclude Include="src\ui\Component.h" />
    <ClInclude Include="src\ui\UI.h" />
    <ClInclude Include="src\common\ConfigurationManager.h" />
    <ClInclude Include="src\common\Logger.h" />
    <ClInclude Include="src\engine\Camera.h" />
    <ClInclude Include="src\engine\Renderer.h" />
    <ClInclude Include="src\engine\Texture.h" />
    <ClInclude Include="src\engine\shaders\ComputeShader.h" />
    <ClInclude Include="src\engine\shaders\Shader.h" />
    <ClInclude Include="src\engine\preprocessing\HemicubeCorrector.h" />
    <ClInclude Include="src\engine\preprocessing\IDRenderer.h" />
    <ClInclude Include="src\engine\preprocessing\PreprocessingController.h" />
    <ClInclude Include="src\engine\geometry\Face.h" />
    <ClInclude Include="src\engine\geometry\GeometryContainer.h" />
    <ClInclude Include="src\engine\geometry\Mesh.h" />
    <ClInclude Include="src\engine\geometry\Scene.h" />
    <ClInclude Include="src\engine\geometry\VAO.h" />
    <ClInclude Include="src\ui\CameraController.h" />
    <ClInclude Include="src\engine\display\TextureRenderer.h" />
    <ClInclude Include="src\engine\display\DisplayController.h" />
    <ClInclude Include="src\engine\display\Picker.h" />
    <ClInclude Include="src\engine\display\SceneRenderer.h" />
    <ClInclude Include="src\engine\buffers\Buffer.h" />
    <ClInclude Include="src\engine\buffers\ColorBuffer.h" />
    <ClInclude Include="src\engine\buffers\HemicubeBuffer.h" />
    <ClInclude Include="src\engine\buffers\PickingBuffer.h" />
    <ClInclude Include="src\engine\buffers\RowBuffer.h" />
    <ClInclude Include="src\engine\buffers\UIntBuffer.h" />
    <ClInclude Include="src\engine\Engine.h" />
    <ClInclude Include="src\ui\Window.h" />
    <ClInclude Include="src\engine\EngineStore.h" />
    <ClInclude Include="src\ui\UIStore.h" />
    <ClInclude Include="src\ui\EventListener.h" />
    <ClInclude Include="src\ui\components\BottomPanel.h" />
    <ClInclude Include="src\ui\components\LeftPanel.h" />
    <ClInclude Include="src\ui\components\MainMenu.h" />
    <ClInclude Include="src\ui\components\RenderWindow.h" />
    <ClInclude Include="src\ui\components\RightPanel.h" />
    <ClInclude Include="src\ui\components\bottom\DebugInfo.h" />
    <ClInclude Include="src\ui\components\right\Preprocess.h" />
    <ClInclude Include="src\engine\EngineTypes.h" />
    <ClInclude Include="src\ui\components\right\LightingEditor.h" />
    <ClInclude Include="src\ui\components\left\SceneEditor.h" />
    <ClInclude Include="src\engine\preprocessing\Solver.h" />
    <ClInclude Include="src\engine\preprocessing\EigenSolver.h" />
    <ClInclude Include="src\engine\preprocessing\ReflectionsPipeline.h" />
    <ClInclude Include="src\engine\preprocessing\RTReflections.h" />
    <ClInclude Include="src\engine\preprocessing\DiffusePipeline.h" />
    <ClInclude Include="src\engine\geometry\GeometryUtils.h" />
    <ClInclude Include="src\engine\geometry\VBO.h" />
    <ClInclude Include="src\engine\geometry\Material.h" />
  </ItemGroup>
  <ItemGroup>
    <None Include="config.ini">
      <Filter>Source</Filter>
    </None>
    <None Include="res\shaders\renderFromText.vert">
      <Filter>Source\Shaders\Debugging</Filter>
    </None>
    <None Include="res\shaders\final.frag">
      <Filter>Source\Shaders\Final</Filter>
    </None>
    <None Include="res\shaders\final.vert">
      <Filter>Source\Shaders\Final</Filter>
    </None>
    <None Include="res\shaders\id.vert">
      <Filter>Source\Shaders\Preprocessing</Filter>
    </None>
    <None Include="res\shaders\id.frag">
      <Filter>Source\Shaders\Preprocessing</Filter>
    </None>
    <None Include="res\shaders\hemicube.vert">
      <Filter>Source\Shaders\Preprocessing</Filter>
    </None>
    <None Include="res\shaders\hemicube.frag">
      <Filter>Source\Shaders\Preprocessing</Filter>
    </None>
    <None Include="res\shaders\computeRow.comp">
      <Filter>Source\Shaders\Preprocessing</Filter>
    </None>
    <None Include="res\shaders\renderHemicube.frag" />
    <None Include="res\shaders\renderSceneEmissions.frag" />
    <None Include="res\shaders\renderSceneFaces.frag" />
    <None Include="res\shaders\renderSceneRadiosity.frag" />
    <None Include="res\shaders\renderSceneReflactances.frag" />
    <None Include="res\shaders\renderSceneAlbedo.frag" />
  </ItemGroup>
  <ItemGroup>
    <ResourceCompile Include="resrource.rc" />
  </ItemGroup>
</Project>